
Microsoft Visual Studio Solution File, Format Version 12.00
# Visual Studio Version 16
VisualStudioVersion = 16.0.29519.181
MinimumVisualStudioVersion = 10.0.40219.1
Project("{2150E333-8FDC-42A3-9474-1A3956D46DE8}") = "1 Source", "1 Source", "{E5BD1FED-B9DB-46EE-8081-43AA428F9789}"
EndProject
Project("{2150E333-8FDC-42A3-9474-1A3956D46DE8}") = "9 Scripts", "9 Scripts", "{A298E729-D3A5-4B8D-8A61-0DE7468E2E8C}"
	ProjectSection(SolutionItems) = preProject
		Scripts\Prerelease.DickinsonBros.Guid.ps1 = Scripts\Prerelease.DickinsonBros.Guid.ps1
		Scripts\Publish.yml = Scripts\Publish.yml
		Scripts\Test.yml = Scripts\Test.yml
	EndProjectSection
EndProject
Project("{2150E333-8FDC-42A3-9474-1A3956D46DE8}") = "3 Runner", "3 Runner", "{D6847F34-A36C-4C3D-9F1F-9B5E79434147}"
EndProject
Project("{2150E333-8FDC-42A3-9474-1A3956D46DE8}") = "2 Tests", "2 Tests", "{8A59DB7D-5901-47E0-873D-F4914EFEE2EB}"
	ProjectSection(SolutionItems) = preProject
		Tests\DickinsonBros.Guid.runsettings = Tests\DickinsonBros.Guid.runsettings
	EndProjectSection
EndProject
Project("{9A19103F-16F7-4668-BE54-9A1E7A4F7556}") = "DickinsonBros.Guid.Tests", "Tests\DickinsonBros.Guid.Tests\DickinsonBros.Guid.Tests.csproj", "{9F3B059E-5EFB-4A10-B0DE-E6CE6BDF81D5}"
EndProject
Project("{9A19103F-16F7-4668-BE54-9A1E7A4F7556}") = "DickinsonBros.Guid", "Source\DickinsonBros.Guid\DickinsonBros.Guid.csproj", "{34FAB580-3388-4056-8A8B-926B1960227F}"
EndProject
Project("{9A19103F-16F7-4668-BE54-9A1E7A4F7556}") = "DickinsonBros.Guid.Runner", "Runner\DickinsonBros.Guid.Runner\DickinsonBros.Guid.Runner.csproj", "{F6F94481-E9AC-4FAE-BD6A-53E7F4BC27BD}"
EndProject
Global
	GlobalSection(SolutionConfigurationPlatforms) = preSolution
		Debug|Any CPU = Debug|Any CPU
		Release|Any CPU = Release|Any CPU
	EndGlobalSection
	GlobalSection(ProjectConfigurationPlatforms) = postSolution
		{9F3B059E-5EFB-4A10-B0DE-E6CE6BDF81D5}.Debug|Any CPU.ActiveCfg = Debug|Any CPU
		{9F3B059E-5EFB-4A10-B0DE-E6CE6BDF81D5}.Debug|Any CPU.Build.0 = Debug|Any CPU
		{9F3B059E-5EFB-4A10-B0DE-E6CE6BDF81D5}.Release|Any CPU.ActiveCfg = Release|Any CPU
		{9F3B059E-5EFB-4A10-B0DE-E6CE6BDF81D5}.Release|Any CPU.Build.0 = Release|Any CPU
		{34FAB580-3388-4056-8A8B-926B1960227F}.Debug|Any CPU.ActiveCfg = Debug|Any CPU
		{34FAB580-3388-4056-8A8B-926B1960227F}.Debug|Any CPU.Build.0 = Debug|Any CPU
		{34FAB580-3388-4056-8A8B-926B1960227F}.Release|Any CPU.ActiveCfg = Release|Any CPU
		{34FAB580-3388-4056-8A8B-926B1960227F}.Release|Any CPU.Build.0 = Release|Any CPU
		{F6F94481-E9AC-4FAE-BD6A-53E7F4BC27BD}.Debug|Any CPU.ActiveCfg = Debug|Any CPU
		{F6F94481-E9AC-4FAE-BD6A-53E7F4BC27BD}.Debug|Any CPU.Build.0 = Debug|Any CPU
		{F6F94481-E9AC-4FAE-BD6A-53E7F4BC27BD}.Release|Any CPU.ActiveCfg = Release|Any CPU
		{F6F94481-E9AC-4FAE-BD6A-53E7F4BC27BD}.Release|Any CPU.Build.0 = Release|Any CPU
	EndGlobalSection
	GlobalSection(SolutionProperties) = preSolution
		HideSolutionNode = FALSE
	EndGlobalSection
	GlobalSection(NestedProjects) = preSolution
		{9F3B059E-5EFB-4A10-B0DE-E6CE6BDF81D5} = {8A59DB7D-5901-47E0-873D-F4914EFEE2EB}
		{34FAB580-3388-4056-8A8B-926B1960227F} = {E5BD1FED-B9DB-46EE-8081-43AA428F9789}
		{F6F94481-E9AC-4FAE-BD6A-53E7F4BC27BD} = {D6847F34-A36C-4C3D-9F1F-9B5E79434147}
	EndGlobalSection
	GlobalSection(ExtensibilityGlobals) = postSolution
		SolutionGuid = {3FC1E187-04B6-4BE8-99FA-F76F06505D26}
	EndGlobalSection
EndGlobal
